
Microsoft Visual Studio Solution File, Format Version 12.00
# Visual Studio Version 17
VisualStudioVersion = 17.5.2.0
MinimumVisualStudioVersion = 10.0.40219.1
Project("{2150E333-8FDC-42A3-9474-1A3956D46DE8}") = "Modules", "Modules", "{CA253913-39DE-BFD0-C9A3-4B7EC6FBDF17}"
EndProject
Project("{2150E333-8FDC-42A3-9474-1A3956D46DE8}") = "Customers", "Customers", "{3333CD61-D66C-0171-0725-9839E1F728CE}"
EndProject
Project("{FAE04EC0-301F-11D3-BF4B-00C04F79EFBC}") = "Customers.Application", "Modules\Customers\Customers.Application\Customers.Application.csproj", "{03F31B3A-BD7D-A6C8-AFA2-A0C362A6C566}"
EndProject
Project("{FAE04EC0-301F-11D3-BF4B-00C04F79EFBC}") = "Customers.Domain", "Modules\Customers\Customers.Domain\Customers.Domain.csproj", "{AB0BEA65-2FC6-3751-8E8D-E871B12036E2}"
EndProject
Project("{FAE04EC0-301F-11D3-BF4B-00C04F79EFBC}") = "Customers.Infrastructure", "Modules\Customers\Customers.Infrastructure\Customers.Infrastructure.csproj", "{3AB39E57-0140-FA7F-90D1-7CA2B0CFC789}"
EndProject
Project("{2150E333-8FDC-42A3-9474-1A3956D46DE8}") = "Notifications", "Notifications", "{E4F07A3A-0D15-4D3A-4C13-E2BD6EBFF108}"
EndProject
Project("{FAE04EC0-301F-11D3-BF4B-00C04F79EFBC}") = "Notifications.Application", "Modules\Notifications\Notifications.Application\Notifications.Application.csproj", "{E1BB9413-D20C-4228-90E7-907F468983AA}"
EndProject
Project("{FAE04EC0-301F-11D3-BF4B-00C04F79EFBC}") = "Notifications.Domain", "Modules\Notifications\Notifications.Domain\Notifications.Domain.csproj", "{6CE24C36-6CB7-4028-B3EB-CF9E931D9D6C}"
EndProject
Project("{FAE04EC0-301F-11D3-BF4B-00C04F79EFBC}") = "Notifications.Infrastructure", "Modules\Notifications\Notifications.Infrastructure\Notifications.Infrastructure.csproj", "{DE156986-9501-4064-BD94-E56AB4E6FC4F}"
EndProject
Project("{2150E333-8FDC-42A3-9474-1A3956D46DE8}") = "Orders", "Orders", "{E1ED5814-3279-5096-6E7D-B99B82AC87D2}"
EndProject
Project("{FAE04EC0-301F-11D3-BF4B-00C04F79EFBC}") = "Orders.Application", "Modules\Orders\Orders.Application\Orders.Application.csproj", "{AA746C90-E3DB-4F5A-9EE6-3E8139A0F7D6}"
EndProject
Project("{FAE04EC0-301F-11D3-BF4B-00C04F79EFBC}") = "Orders.Domain", "Modules\Orders\Orders.Domain\Orders.Domain.csproj", "{FAB84C83-21F2-43B8-BC68-C2545A17EA1B}"
EndProject
Project("{FAE04EC0-301F-11D3-BF4B-00C04F79EFBC}") = "Orders.Infrastructure", "Modules\Orders\Orders.Infrastructure\Orders.Infrastructure.csproj", "{2676F955-6CC1-4368-8E61-C5C74EFF395A}"
EndProject
Project("{2150E333-8FDC-42A3-9474-1A3956D46DE8}") = "Products", "Products", "{32AB9031-46EF-EB64-39E9-1163C7E8B46C}"
EndProject
Project("{FAE04EC0-301F-11D3-BF4B-00C04F79EFBC}") = "Products.Application", "Modules\Products\Products.Application\Products.Application.csproj", "{E5B0C276-2170-4EEC-BC14-F84E5BBFB04C}"
EndProject
Project("{FAE04EC0-301F-11D3-BF4B-00C04F79EFBC}") = "Products.Domain", "Modules\Products\Products.Domain\Products.Domain.csproj", "{E3D42FB5-A190-4EF1-81F7-8FFC163B511B}"
EndProject
Project("{FAE04EC0-301F-11D3-BF4B-00C04F79EFBC}") = "Products.Infrastructure", "Modules\Products\Products.Infrastructure\Products.Infrastructure.csproj", "{190241A1-96DE-463F-AC9A-1CD65762067F}"
EndProject
Project("{2150E333-8FDC-42A3-9474-1A3956D46DE8}") = "Shared", "Shared", "{4F52FD11-658E-A102-6CD3-7D7C16FFA15B}"
EndProject
Project("{FAE04EC0-301F-11D3-BF4B-00C04F79EFBC}") = "restatunt.Shared", "Shared\restatunt.Shared\restatunt.Shared.csproj", "{17D8E034-CDB8-4972-8D8E-38C640DEAEEE}"
EndProject
Project("{2150E333-8FDC-42A3-9474-1A3956D46DE8}") = "Api", "Api", "{D82C56D6-B2CD-F611-9E31-04638F7EC30E}"
EndProject
Project("{FAE04EC0-301F-11D3-BF4B-00C04F79EFBC}") = "Restaurant.Api", "Api\Restaurant.Api\Restaurant.Api.csproj", "{65F8FC26-8727-4DAE-9643-3EF246B7B8F6}"
EndProject
Global
	GlobalSection(SolutionConfigurationPlatforms) = preSolution
		Debug|Any CPU = Debug|Any CPU
		Debug|x64 = Debug|x64
		Debug|x86 = Debug|x86
		Release|Any CPU = Release|Any CPU
		Release|x64 = Release|x64
		Release|x86 = Release|x86
	EndGlobalSection
	GlobalSection(ProjectConfigurationPlatforms) = postSolution
		{03F31B3A-BD7D-A6C8-AFA2-A0C362A6C566}.Debug|Any CPU.ActiveCfg = Debug|Any CPU
		{03F31B3A-BD7D-A6C8-AFA2-A0C362A6C566}.Debug|Any CPU.Build.0 = Debug|Any CPU
		{03F31B3A-BD7D-A6C8-AFA2-A0C362A6C566}.Debug|x64.ActiveCfg = Debug|Any CPU
		{03F31B3A-BD7D-A6C8-AFA2-A0C362A6C566}.Debug|x64.Build.0 = Debug|Any CPU
		{03F31B3A-BD7D-A6C8-AFA2-A0C362A6C566}.Debug|x86.ActiveCfg = Debug|Any CPU
		{03F31B3A-BD7D-A6C8-AFA2-A0C362A6C566}.Debug|x86.Build.0 = Debug|Any CPU
		{03F31B3A-BD7D-A6C8-AFA2-A0C362A6C566}.Release|Any CPU.ActiveCfg = Release|Any CPU
		{03F31B3A-BD7D-A6C8-AFA2-A0C362A6C566}.Release|Any CPU.Build.0 = Release|Any CPU
		{03F31B3A-BD7D-A6C8-AFA2-A0C362A6C566}.Release|x64.ActiveCfg = Release|Any CPU
		{03F31B3A-BD7D-A6C8-AFA2-A0C362A6C566}.Release|x64.Build.0 = Release|Any CPU
		{03F31B3A-BD7D-A6C8-AFA2-A0C362A6C566}.Release|x86.ActiveCfg = Release|Any CPU
		{03F31B3A-BD7D-A6C8-AFA2-A0C362A6C566}.Release|x86.Build.0 = Release|Any CPU
		{AB0BEA65-2FC6-3751-8E8D-E871B12036E2}.Debug|Any CPU.ActiveCfg = Debug|Any CPU
		{AB0BEA65-2FC6-3751-8E8D-E871B12036E2}.Debug|Any CPU.Build.0 = Debug|Any CPU
		{AB0BEA65-2FC6-3751-8E8D-E871B12036E2}.Debug|x64.ActiveCfg = Debug|Any CPU
		{AB0BEA65-2FC6-3751-8E8D-E871B12036E2}.Debug|x64.Build.0 = Debug|Any CPU
		{AB0BEA65-2FC6-3751-8E8D-E871B12036E2}.Debug|x86.ActiveCfg = Debug|Any CPU
		{AB0BEA65-2FC6-3751-8E8D-E871B12036E2}.Debug|x86.Build.0 = Debug|Any CPU
		{AB0BEA65-2FC6-3751-8E8D-E871B12036E2}.Release|Any CPU.ActiveCfg = Release|Any CPU
		{AB0BEA65-2FC6-3751-8E8D-E871B12036E2}.Release|Any CPU.Build.0 = Release|Any CPU
		{AB0BEA65-2FC6-3751-8E8D-E871B12036E2}.Release|x64.ActiveCfg = Release|Any CPU
		{AB0BEA65-2FC6-3751-8E8D-E871B12036E2}.Release|x64.Build.0 = Release|Any CPU
		{AB0BEA65-2FC6-3751-8E8D-E871B12036E2}.Release|x86.ActiveCfg = Release|Any CPU
		{AB0BEA65-2FC6-3751-8E8D-E871B12036E2}.Release|x86.Build.0 = Release|Any CPU
		{3AB39E57-0140-FA7F-90D1-7CA2B0CFC789}.Debug|Any CPU.ActiveCfg = Debug|Any CPU
		{3AB39E57-0140-FA7F-90D1-7CA2B0CFC789}.Debug|Any CPU.Build.0 = Debug|Any CPU
		{3AB39E57-0140-FA7F-90D1-7CA2B0CFC789}.Debug|x64.ActiveCfg = Debug|Any CPU
		{3AB39E57-0140-FA7F-90D1-7CA2B0CFC789}.Debug|x64.Build.0 = Debug|Any CPU
		{3AB39E57-0140-FA7F-90D1-7CA2B0CFC789}.Debug|x86.ActiveCfg = Debug|Any CPU
		{3AB39E57-0140-FA7F-90D1-7CA2B0CFC789}.Debug|x86.Build.0 = Debug|Any CPU
		{3AB39E57-0140-FA7F-90D1-7CA2B0CFC789}.Release|Any CPU.ActiveCfg = Release|Any CPU
		{3AB39E57-0140-FA7F-90D1-7CA2B0CFC789}.Release|Any CPU.Build.0 = Release|Any CPU
		{3AB39E57-0140-FA7F-90D1-7CA2B0CFC789}.Release|x64.ActiveCfg = Release|Any CPU
		{3AB39E57-0140-FA7F-90D1-7CA2B0CFC789}.Release|x64.Build.0 = Release|Any CPU
		{3AB39E57-0140-FA7F-90D1-7CA2B0CFC789}.Release|x86.ActiveCfg = Release|Any CPU
		{3AB39E57-0140-FA7F-90D1-7CA2B0CFC789}.Release|x86.Build.0 = Release|Any CPU
		{E1BB9413-D20C-4228-90E7-907F468983AA}.Debug|Any CPU.ActiveCfg = Debug|Any CPU
		{E1BB9413-D20C-4228-90E7-907F468983AA}.Debug|Any CPU.Build.0 = Debug|Any CPU
		{E1BB9413-D20C-4228-90E7-907F468983AA}.Debug|x64.ActiveCfg = Debug|Any CPU
		{E1BB9413-D20C-4228-90E7-907F468983AA}.Debug|x64.Build.0 = Debug|Any CPU
		{E1BB9413-D20C-4228-90E7-907F468983AA}.Debug|x86.ActiveCfg = Debug|Any CPU
		{E1BB9413-D20C-4228-90E7-907F468983AA}.Debug|x86.Build.0 = Debug|Any CPU
		{E1BB9413-D20C-4228-90E7-907F468983AA}.Release|Any CPU.ActiveCfg = Release|Any CPU
		{E1BB9413-D20C-4228-90E7-907F468983AA}.Release|Any CPU.Build.0 = Release|Any CPU
		{E1BB9413-D20C-4228-90E7-907F468983AA}.Release|x64.ActiveCfg = Release|Any CPU
		{E1BB9413-D20C-4228-90E7-907F468983AA}.Release|x64.Build.0 = Release|Any CPU
		{E1BB9413-D20C-4228-90E7-907F468983AA}.Release|x86.ActiveCfg = Release|Any CPU
		{E1BB9413-D20C-4228-90E7-907F468983AA}.Release|x86.Build.0 = Release|Any CPU
		{6CE24C36-6CB7-4028-B3EB-CF9E931D9D6C}.Debug|Any CPU.ActiveCfg = Debug|Any CPU
		{6CE24C36-6CB7-4028-B3EB-CF9E931D9D6C}.Debug|Any CPU.Build.0 = Debug|Any CPU
		{6CE24C36-6CB7-4028-B3EB-CF9E931D9D6C}.Debug|x64.ActiveCfg = Debug|Any CPU
		{6CE24C36-6CB7-4028-B3EB-CF9E931D9D6C}.Debug|x64.Build.0 = Debug|Any CPU
		{6CE24C36-6CB7-4028-B3EB-CF9E931D9D6C}.Debug|x86.ActiveCfg = Debug|Any CPU
		{6CE24C36-6CB7-4028-B3EB-CF9E931D9D6C}.Debug|x86.Build.0 = Debug|Any CPU
		{6CE24C36-6CB7-4028-B3EB-CF9E931D9D6C}.Release|Any CPU.ActiveCfg = Release|Any CPU
		{6CE24C36-6CB7-4028-B3EB-CF9E931D9D6C}.Release|Any CPU.Build.0 = Release|Any CPU
		{6CE24C36-6CB7-4028-B3EB-CF9E931D9D6C}.Release|x64.ActiveCfg = Release|Any CPU
		{6CE24C36-6CB7-4028-B3EB-CF9E931D9D6C}.Release|x64.Build.0 = Release|Any CPU
		{6CE24C36-6CB7-4028-B3EB-CF9E931D9D6C}.Release|x86.ActiveCfg = Release|Any CPU
		{6CE24C36-6CB7-4028-B3EB-CF9E931D9D6C}.Release|x86.Build.0 = Release|Any CPU
		{DE156986-9501-4064-BD94-E56AB4E6FC4F}.Debug|Any CPU.ActiveCfg = Debug|Any CPU
		{DE156986-9501-4064-BD94-E56AB4E6FC4F}.Debug|Any CPU.Build.0 = Debug|Any CPU
		{DE156986-9501-4064-BD94-E56AB4E6FC4F}.Debug|x64.ActiveCfg = Debug|Any CPU
		{DE156986-9501-4064-BD94-E56AB4E6FC4F}.Debug|x64.Build.0 = Debug|Any CPU
		{DE156986-9501-4064-BD94-E56AB4E6FC4F}.Debug|x86.ActiveCfg = Debug|Any CPU
		{DE156986-9501-4064-BD94-E56AB4E6FC4F}.Debug|x86.Build.0 = Debug|Any CPU
		{DE156986-9501-4064-BD94-E56AB4E6FC4F}.Release|Any CPU.ActiveCfg = Release|Any CPU
		{DE156986-9501-4064-BD94-E56AB4E6FC4F}.Release|Any CPU.Build.0 = Release|Any CPU
		{DE156986-9501-4064-BD94-E56AB4E6FC4F}.Release|x64.ActiveCfg = Release|Any CPU
		{DE156986-9501-4064-BD94-E56AB4E6FC4F}.Release|x64.Build.0 = Release|Any CPU
		{DE156986-9501-4064-BD94-E56AB4E6FC4F}.Release|x86.ActiveCfg = Release|Any CPU
		{DE156986-9501-4064-BD94-E56AB4E6FC4F}.Release|x86.Build.0 = Release|Any CPU
		{AA746C90-E3DB-4F5A-9EE6-3E8139A0F7D6}.Debug|Any CPU.ActiveCfg = Debug|Any CPU
		{AA746C90-E3DB-4F5A-9EE6-3E8139A0F7D6}.Debug|Any CPU.Build.0 = Debug|Any CPU
		{AA746C90-E3DB-4F5A-9EE6-3E8139A0F7D6}.Debug|x64.ActiveCfg = Debug|Any CPU
		{AA746C90-E3DB-4F5A-9EE6-3E8139A0F7D6}.Debug|x64.Build.0 = Debug|Any CPU
		{AA746C90-E3DB-4F5A-9EE6-3E8139A0F7D6}.Debug|x86.ActiveCfg = Debug|Any CPU
		{AA746C90-E3DB-4F5A-9EE6-3E8139A0F7D6}.Debug|x86.Build.0 = Debug|Any CPU
		{AA746C90-E3DB-4F5A-9EE6-3E8139A0F7D6}.Release|Any CPU.ActiveCfg = Release|Any CPU
		{AA746C90-E3DB-4F5A-9EE6-3E8139A0F7D6}.Release|Any CPU.Build.0 = Release|Any CPU
		{AA746C90-E3DB-4F5A-9EE6-3E8139A0F7D6}.Release|x64.ActiveCfg = Release|Any CPU
		{AA746C90-E3DB-4F5A-9EE6-3E8139A0F7D6}.Release|x64.Build.0 = Release|Any CPU
		{AA746C90-E3DB-4F5A-9EE6-3E8139A0F7D6}.Release|x86.ActiveCfg = Release|Any CPU
		{AA746C90-E3DB-4F5A-9EE6-3E8139A0F7D6}.Release|x86.Build.0 = Release|Any CPU
		{FAB84C83-21F2-43B8-BC68-C2545A17EA1B}.Debug|Any CPU.ActiveCfg = Debug|Any CPU
		{FAB84C83-21F2-43B8-BC68-C2545A17EA1B}.Debug|Any CPU.Build.0 = Debug|Any CPU
		{FAB84C83-21F2-43B8-BC68-C2545A17EA1B}.Debug|x64.ActiveCfg = Debug|Any CPU
		{FAB84C83-21F2-43B8-BC68-C2545A17EA1B}.Debug|x64.Build.0 = Debug|Any CPU
		{FAB84C83-21F2-43B8-BC68-C2545A17EA1B}.Debug|x86.ActiveCfg = Debug|Any CPU
		{FAB84C83-21F2-43B8-BC68-C2545A17EA1B}.Debug|x86.Build.0 = Debug|Any CPU
		{FAB84C83-21F2-43B8-BC68-C2545A17EA1B}.Release|Any CPU.ActiveCfg = Release|Any CPU
		{FAB84C83-21F2-43B8-BC68-C2545A17EA1B}.Release|Any CPU.Build.0 = Release|Any CPU
		{FAB84C83-21F2-43B8-BC68-C2545A17EA1B}.Release|x64.ActiveCfg = Release|Any CPU
		{FAB84C83-21F2-43B8-BC68-C2545A17EA1B}.Release|x64.Build.0 = Release|Any CPU
		{FAB84C83-21F2-43B8-BC68-C2545A17EA1B}.Release|x86.ActiveCfg = Release|Any CPU
		{FAB84C83-21F2-43B8-BC68-C2545A17EA1B}.Release|x86.Build.0 = Release|Any CPU
		{2676F955-6CC1-4368-8E61-C5C74EFF395A}.Debug|Any CPU.ActiveCfg = Debug|Any CPU
		{2676F955-6CC1-4368-8E61-C5C74EFF395A}.Debug|Any CPU.Build.0 = Debug|Any CPU
		{2676F955-6CC1-4368-8E61-C5C74EFF395A}.Debug|x64.ActiveCfg = Debug|Any CPU
		{2676F955-6CC1-4368-8E61-C5C74EFF395A}.Debug|x64.Build.0 = Debug|Any CPU
		{2676F955-6CC1-4368-8E61-C5C74EFF395A}.Debug|x86.ActiveCfg = Debug|Any CPU
		{2676F955-6CC1-4368-8E61-C5C74EFF395A}.Debug|x86.Build.0 = Debug|Any CPU
		{2676F955-6CC1-4368-8E61-C5C74EFF395A}.Release|Any CPU.ActiveCfg = Release|Any CPU
		{2676F955-6CC1-4368-8E61-C5C74EFF395A}.Release|Any CPU.Build.0 = Release|Any CPU
		{2676F955-6CC1-4368-8E61-C5C74EFF395A}.Release|x64.ActiveCfg = Release|Any CPU
		{2676F955-6CC1-4368-8E61-C5C74EFF395A}.Release|x64.Build.0 = Release|Any CPU
		{2676F955-6CC1-4368-8E61-C5C74EFF395A}.Release|x86.ActiveCfg = Release|Any CPU
		{2676F955-6CC1-4368-8E61-C5C74EFF395A}.Release|x86.Build.0 = Release|Any CPU
		{E5B0C276-2170-4EEC-BC14-F84E5BBFB04C}.Debug|Any CPU.ActiveCfg = Debug|Any CPU
		{E5B0C276-2170-4EEC-BC14-F84E5BBFB04C}.Debug|Any CPU.Build.0 = Debug|Any CPU
		{E5B0C276-2170-4EEC-BC14-F84E5BBFB04C}.Debug|x64.ActiveCfg = Debug|Any CPU
		{E5B0C276-2170-4EEC-BC14-F84E5BBFB04C}.Debug|x64.Build.0 = Debug|Any CPU
		{E5B0C276-2170-4EEC-BC14-F84E5BBFB04C}.Debug|x86.ActiveCfg = Debug|Any CPU
		{E5B0C276-2170-4EEC-BC14-F84E5BBFB04C}.Debug|x86.Build.0 = Debug|Any CPU
		{E5B0C276-2170-4EEC-BC14-F84E5BBFB04C}.Release|Any CPU.ActiveCfg = Release|Any CPU
		{E5B0C276-2170-4EEC-BC14-F84E5BBFB04C}.Release|Any CPU.Build.0 = Release|Any CPU
		{E5B0C276-2170-4EEC-BC14-F84E5BBFB04C}.Release|x64.ActiveCfg = Release|Any CPU
		{E5B0C276-2170-4EEC-BC14-F84E5BBFB04C}.Release|x64.Build.0 = Release|Any CPU
		{E5B0C276-2170-4EEC-BC14-F84E5BBFB04C}.Release|x86.ActiveCfg = Release|Any CPU
		{E5B0C276-2170-4EEC-BC14-F84E5BBFB04C}.Release|x86.Build.0 = Release|Any CPU
		{E3D42FB5-A190-4EF1-81F7-8FFC163B511B}.Debug|Any CPU.ActiveCfg = Debug|Any CPU
		{E3D42FB5-A190-4EF1-81F7-8FFC163B511B}.Debug|Any CPU.Build.0 = Debug|Any CPU
		{E3D42FB5-A190-4EF1-81F7-8FFC163B511B}.Debug|x64.ActiveCfg = Debug|Any CPU
		{E3D42FB5-A190-4EF1-81F7-8FFC163B511B}.Debug|x64.Build.0 = Debug|Any CPU
		{E3D42FB5-A190-4EF1-81F7-8FFC163B511B}.Debug|x86.ActiveCfg = Debug|Any CPU
		{E3D42FB5-A190-4EF1-81F7-8FFC163B511B}.Debug|x86.Build.0 = Debug|Any CPU
		{E3D42FB5-A190-4EF1-81F7-8FFC163B511B}.Release|Any CPU.ActiveCfg = Release|Any CPU
		{E3D42FB5-A190-4EF1-81F7-8FFC163B511B}.Release|Any CPU.Build.0 = Release|Any CPU
		{E3D42FB5-A190-4EF1-81F7-8FFC163B511B}.Release|x64.ActiveCfg = Release|Any CPU
		{E3D42FB5-A190-4EF1-81F7-8FFC163B511B}.Release|x64.Build.0 = Release|Any CPU
		{E3D42FB5-A190-4EF1-81F7-8FFC163B511B}.Release|x86.ActiveCfg = Release|Any CPU
		{E3D42FB5-A190-4EF1-81F7-8FFC163B511B}.Release|x86.Build.0 = Release|Any CPU
		{190241A1-96DE-463F-AC9A-1CD65762067F}.Debug|Any CPU.ActiveCfg = Debug|Any CPU
		{190241A1-96DE-463F-AC9A-1CD65762067F}.Debug|Any CPU.Build.0 = Debug|Any CPU
		{190241A1-96DE-463F-AC9A-1CD65762067F}.Debug|x64.ActiveCfg = Debug|Any CPU
		{190241A1-96DE-463F-AC9A-1CD65762067F}.Debug|x64.Build.0 = Debug|Any CPU
		{190241A1-96DE-463F-AC9A-1CD65762067F}.Debug|x86.ActiveCfg = Debug|Any CPU
		{190241A1-96DE-463F-AC9A-1CD65762067F}.Debug|x86.Build.0 = Debug|Any CPU
		{190241A1-96DE-463F-AC9A-1CD65762067F}.Release|Any CPU.ActiveCfg = Release|Any CPU
		{190241A1-96DE-463F-AC9A-1CD65762067F}.Release|Any CPU.Build.0 = Release|Any CPU
		{190241A1-96DE-463F-AC9A-1CD65762067F}.Release|x64.ActiveCfg = Release|Any CPU
		{190241A1-96DE-463F-AC9A-1CD65762067F}.Release|x64.Build.0 = Release|Any CPU
		{190241A1-96DE-463F-AC9A-1CD65762067F}.Release|x86.ActiveCfg = Release|Any CPU
		{190241A1-96DE-463F-AC9A-1CD65762067F}.Release|x86.Build.0 = Release|Any CPU
		{17D8E034-CDB8-4972-8D8E-38C640DEAEEE}.Debug|Any CPU.ActiveCfg = Debug|Any CPU
		{17D8E034-CDB8-4972-8D8E-38C640DEAEEE}.Debug|Any CPU.Build.0 = Debug|Any CPU
		{17D8E034-CDB8-4972-8D8E-38C640DEAEEE}.Debug|x64.ActiveCfg = Debug|Any CPU
		{17D8E034-CDB8-4972-8D8E-38C640DEAEEE}.Debug|x64.Build.0 = Debug|Any CPU
		{17D8E034-CDB8-4972-8D8E-38C640DEAEEE}.Debug|x86.ActiveCfg = Debug|Any CPU
		{17D8E034-CDB8-4972-8D8E-38C640DEAEEE}.Debug|x86.Build.0 = Debug|Any CPU
		{17D8E034-CDB8-4972-8D8E-38C640DEAEEE}.Release|Any CPU.ActiveCfg = Release|Any CPU
		{17D8E034-CDB8-4972-8D8E-38C640DEAEEE}.Release|Any CPU.Build.0 = Release|Any CPU
		{17D8E034-CDB8-4972-8D8E-38C640DEAEEE}.Release|x64.ActiveCfg = Release|Any CPU
		{17D8E034-CDB8-4972-8D8E-38C640DEAEEE}.Release|x64.Build.0 = Release|Any CPU
		{17D8E034-CDB8-4972-8D8E-38C640DEAEEE}.Release|x86.ActiveCfg = Release|Any CPU
		{17D8E034-CDB8-4972-8D8E-38C640DEAEEE}.Release|x86.Build.0 = Release|Any CPU
		{65F8FC26-8727-4DAE-9643-3EF246B7B8F6}.Debug|Any CPU.ActiveCfg = Debug|Any CPU
		{65F8FC26-8727-4DAE-9643-3EF246B7B8F6}.Debug|Any CPU.Build.0 = Debug|Any CPU
		{65F8FC26-8727-4DAE-9643-3EF246B7B8F6}.Debug|x64.ActiveCfg = Debug|Any CPU
		{65F8FC26-8727-4DAE-9643-3EF246B7B8F6}.Debug|x64.Build.0 = Debug|Any CPU
		{65F8FC26-8727-4DAE-9643-3EF246B7B8F6}.Debug|x86.ActiveCfg = Debug|Any CPU
		{65F8FC26-8727-4DAE-9643-3EF246B7B8F6}.Debug|x86.Build.0 = Debug|Any CPU
		{65F8FC26-8727-4DAE-9643-3EF246B7B8F6}.Release|Any CPU.ActiveCfg = Release|Any CPU
		{65F8FC26-8727-4DAE-9643-3EF246B7B8F6}.Release|Any CPU.Build.0 = Release|Any CPU
		{65F8FC26-8727-4DAE-9643-3EF246B7B8F6}.Release|x64.ActiveCfg = Release|Any CPU
		{65F8FC26-8727-4DAE-9643-3EF246B7B8F6}.Release|x64.Build.0 = Release|Any CPU
		{65F8FC26-8727-4DAE-9643-3EF246B7B8F6}.Release|x86.ActiveCfg = Release|Any CPU
		{65F8FC26-8727-4DAE-9643-3EF246B7B8F6}.Release|x86.Build.0 = Release|Any CPU
	EndGlobalSection
	GlobalSection(SolutionProperties) = preSolution
		HideSolutionNode = FALSE
	EndGlobalSection
	GlobalSection(NestedProjects) = preSolution
		{3333CD61-D66C-0171-0725-9839E1F728CE} = {CA253913-39DE-BFD0-C9A3-4B7EC6FBDF17}
		{03F31B3A-BD7D-A6C8-AFA2-A0C362A6C566} = {3333CD61-D66C-0171-0725-9839E1F728CE}
		{AB0BEA65-2FC6-3751-8E8D-E871B12036E2} = {3333CD61-D66C-0171-0725-9839E1F728CE}
		{3AB39E57-0140-FA7F-90D1-7CA2B0CFC789} = {3333CD61-D66C-0171-0725-9839E1F728CE}
		{E4F07A3A-0D15-4D3A-4C13-E2BD6EBFF108} = {CA253913-39DE-BFD0-C9A3-4B7EC6FBDF17}
		{E1BB9413-D20C-4228-90E7-907F468983AA} = {E4F07A3A-0D15-4D3A-4C13-E2BD6EBFF108}
		{6CE24C36-6CB7-4028-B3EB-CF9E931D9D6C} = {E4F07A3A-0D15-4D3A-4C13-E2BD6EBFF108}
		{DE156986-9501-4064-BD94-E56AB4E6FC4F} = {E4F07A3A-0D15-4D3A-4C13-E2BD6EBFF108}
		{E1ED5814-3279-5096-6E7D-B99B82AC87D2} = {CA253913-39DE-BFD0-C9A3-4B7EC6FBDF17}
		{AA746C90-E3DB-4F5A-9EE6-3E8139A0F7D6} = {E1ED5814-3279-5096-6E7D-B99B82AC87D2}
		{FAB84C83-21F2-43B8-BC68-C2545A17EA1B} = {E1ED5814-3279-5096-6E7D-B99B82AC87D2}
		{2676F955-6CC1-4368-8E61-C5C74EFF395A} = {E1ED5814-3279-5096-6E7D-B99B82AC87D2}
		{32AB9031-46EF-EB64-39E9-1163C7E8B46C} = {CA253913-39DE-BFD0-C9A3-4B7EC6FBDF17}
		{E5B0C276-2170-4EEC-BC14-F84E5BBFB04C} = {32AB9031-46EF-EB64-39E9-1163C7E8B46C}
		{E3D42FB5-A190-4EF1-81F7-8FFC163B511B} = {32AB9031-46EF-EB64-39E9-1163C7E8B46C}
		{190241A1-96DE-463F-AC9A-1CD65762067F} = {32AB9031-46EF-EB64-39E9-1163C7E8B46C}
		{17D8E034-CDB8-4972-8D8E-38C640DEAEEE} = {4F52FD11-658E-A102-6CD3-7D7C16FFA15B}
		{65F8FC26-8727-4DAE-9643-3EF246B7B8F6} = {D82C56D6-B2CD-F611-9E31-04638F7EC30E}
	EndGlobalSection
	GlobalSection(ExtensibilityGlobals) = postSolution
		SolutionGuid = {F0E7E6DA-2A08-4CE0-B60A-9A824D0E4688}
	EndGlobalSection
EndGlobal
